
Microsoft Visual Studio Solution File, Format Version 12.00
# Visual Studio Version 16
VisualStudioVersion = 16.6.30114.105
MinimumVisualStudioVersion = 10.0.40219.1
Project("{FAE04EC0-301F-11D3-BF4B-00C04F79EFBC}") = "BillingService.Tests", "BillingService.Tests\BillingService.Tests.csproj", "{28AF37B1-02A7-48A7-9CD2-1CC8739CFA1C}"
EndProject
Project("{FAE04EC0-301F-11D3-BF4B-00C04F79EFBC}") = "BillingService", "BillingService\BillingService.csproj", "{43EB84E1-7141-438C-B925-5EF605DC3667}"
EndProject
Project("{F2A71F9B-5D33-465A-A702-920D77279786}") = "CustomerService", "CustomerService\CustomerService.fsproj", "{441680F5-1B51-4835-BF75-782F333E348B}"
EndProject
Project("{F2A71F9B-5D33-465A-A702-920D77279786}") = "Service", "Service\Service.fsproj", "{1BD2A23B-5CA6-4C42-BD31-4087D01FC36A}"
EndProject
Project("{F2A71F9B-5D33-465A-A702-920D77279786}") = "Tests", "Tests\Tests.fsproj", "{8E641312-FBD0-46D6-8011-C8F9D90A19F6}"
EndProject
Global
	GlobalSection(SolutionConfigurationPlatforms) = preSolution
		Debug|Any CPU = Debug|Any CPU
		Debug|x64 = Debug|x64
		Debug|x86 = Debug|x86
		Release|Any CPU = Release|Any CPU
		Release|x64 = Release|x64
		Release|x86 = Release|x86
	EndGlobalSection
	GlobalSection(SolutionProperties) = preSolution
		HideSolutionNode = FALSE
	EndGlobalSection
	GlobalSection(ProjectConfigurationPlatforms) = postSolution
		{28AF37B1-02A7-48A7-9CD2-1CC8739CFA1C}.Debug|Any CPU.ActiveCfg = Debug|Any CPU
		{28AF37B1-02A7-48A7-9CD2-1CC8739CFA1C}.Debug|Any CPU.Build.0 = Debug|Any CPU
		{28AF37B1-02A7-48A7-9CD2-1CC8739CFA1C}.Debug|x64.ActiveCfg = Debug|Any CPU
		{28AF37B1-02A7-48A7-9CD2-1CC8739CFA1C}.Debug|x64.Build.0 = Debug|Any CPU
		{28AF37B1-02A7-48A7-9CD2-1CC8739CFA1C}.Debug|x86.ActiveCfg = Debug|Any CPU
		{28AF37B1-02A7-48A7-9CD2-1CC8739CFA1C}.Debug|x86.Build.0 = Debug|Any CPU
		{28AF37B1-02A7-48A7-9CD2-1CC8739CFA1C}.Release|Any CPU.ActiveCfg = Release|Any CPU
		{28AF37B1-02A7-48A7-9CD2-1CC8739CFA1C}.Release|Any CPU.Build.0 = Release|Any CPU
		{28AF37B1-02A7-48A7-9CD2-1CC8739CFA1C}.Release|x64.ActiveCfg = Release|Any CPU
		{28AF37B1-02A7-48A7-9CD2-1CC8739CFA1C}.Release|x64.Build.0 = Release|Any CPU
		{28AF37B1-02A7-48A7-9CD2-1CC8739CFA1C}.Release|x86.ActiveCfg = Release|Any CPU
		{28AF37B1-02A7-48A7-9CD2-1CC8739CFA1C}.Release|x86.Build.0 = Release|Any CPU
		{43EB84E1-7141-438C-B925-5EF605DC3667}.Debug|Any CPU.ActiveCfg = Debug|Any CPU
		{43EB84E1-7141-438C-B925-5EF605DC3667}.Debug|Any CPU.Build.0 = Debug|Any CPU
		{43EB84E1-7141-438C-B925-5EF605DC3667}.Debug|x64.ActiveCfg = Debug|Any CPU
		{43EB84E1-7141-438C-B925-5EF605DC3667}.Debug|x64.Build.0 = Debug|Any CPU
		{43EB84E1-7141-438C-B925-5EF605DC3667}.Debug|x86.ActiveCfg = Debug|Any CPU
		{43EB84E1-7141-438C-B925-5EF605DC3667}.Debug|x86.Build.0 = Debug|Any CPU
		{43EB84E1-7141-438C-B925-5EF605DC3667}.Release|Any CPU.ActiveCfg = Release|Any CPU
		{43EB84E1-7141-438C-B925-5EF605DC3667}.Release|Any CPU.Build.0 = Release|Any CPU
		{43EB84E1-7141-438C-B925-5EF605DC3667}.Release|x64.ActiveCfg = Release|Any CPU
		{43EB84E1-7141-438C-B925-5EF605DC3667}.Release|x64.Build.0 = Release|Any CPU
		{43EB84E1-7141-438C-B925-5EF605DC3667}.Release|x86.ActiveCfg = Release|Any CPU
		{43EB84E1-7141-438C-B925-5EF605DC3667}.Release|x86.Build.0 = Release|Any CPU
		{441680F5-1B51-4835-BF75-782F333E348B}.Debug|Any CPU.ActiveCfg = Debug|Any CPU
		{441680F5-1B51-4835-BF75-782F333E348B}.Debug|Any CPU.Build.0 = Debug|Any CPU
		{441680F5-1B51-4835-BF75-782F333E348B}.Debug|x64.ActiveCfg = Debug|Any CPU
		{441680F5-1B51-4835-BF75-782F333E348B}.Debug|x64.Build.0 = Debug|Any CPU
		{441680F5-1B51-4835-BF75-782F333E348B}.Debug|x86.ActiveCfg = Debug|Any CPU
		{441680F5-1B51-4835-BF75-782F333E348B}.Debug|x86.Build.0 = Debug|Any CPU
		{441680F5-1B51-4835-BF75-782F333E348B}.Release|Any CPU.ActiveCfg = Release|Any CPU
		{441680F5-1B51-4835-BF75-782F333E348B}.Release|Any CPU.Build.0 = Release|Any CPU
		{441680F5-1B51-4835-BF75-782F333E348B}.Release|x64.ActiveCfg = Release|Any CPU
		{441680F5-1B51-4835-BF75-782F333E348B}.Release|x64.Build.0 = Release|Any CPU
		{441680F5-1B51-4835-BF75-782F333E348B}.Release|x86.ActiveCfg = Release|Any CPU
		{441680F5-1B51-4835-BF75-782F333E348B}.Release|x86.Build.0 = Release|Any CPU
		{1BD2A23B-5CA6-4C42-BD31-4087D01FC36A}.Debug|Any CPU.ActiveCfg = Debug|Any CPU
		{1BD2A23B-5CA6-4C42-BD31-4087D01FC36A}.Debug|Any CPU.Build.0 = Debug|Any CPU
		{1BD2A23B-5CA6-4C42-BD31-4087D01FC36A}.Debug|x64.ActiveCfg = Debug|Any CPU
		{1BD2A23B-5CA6-4C42-BD31-4087D01FC36A}.Debug|x64.Build.0 = Debug|Any CPU
		{1BD2A23B-5CA6-4C42-BD31-4087D01FC36A}.Debug|x86.ActiveCfg = Debug|Any CPU
		{1BD2A23B-5CA6-4C42-BD31-4087D01FC36A}.Debug|x86.Build.0 = Debug|Any CPU
		{1BD2A23B-5CA6-4C42-BD31-4087D01FC36A}.Release|Any CPU.ActiveCfg = Release|Any CPU
		{1BD2A23B-5CA6-4C42-BD31-4087D01FC36A}.Release|Any CPU.Build.0 = Release|Any CPU
		{1BD2A23B-5CA6-4C42-BD31-4087D01FC36A}.Release|x64.ActiveCfg = Release|Any CPU
		{1BD2A23B-5CA6-4C42-BD31-4087D01FC36A}.Release|x64.Build.0 = Release|Any CPU
		{1BD2A23B-5CA6-4C42-BD31-4087D01FC36A}.Release|x86.ActiveCfg = Release|Any CPU
		{1BD2A23B-5CA6-4C42-BD31-4087D01FC36A}.Release|x86.Build.0 = Release|Any CPU
		{8E641312-FBD0-46D6-8011-C8F9D90A19F6}.Debug|Any CPU.ActiveCfg = Debug|Any CPU
		{8E641312-FBD0-46D6-8011-C8F9D90A19F6}.Debug|Any CPU.Build.0 = Debug|Any CPU
		{8E641312-FBD0-46D6-8011-C8F9D90A19F6}.Debug|x64.ActiveCfg = Debug|Any CPU
		{8E641312-FBD0-46D6-8011-C8F9D90A19F6}.Debug|x64.Build.0 = Debug|Any CPU
		{8E641312-FBD0-46D6-8011-C8F9D90A19F6}.Debug|x86.ActiveCfg = Debug|Any CPU
		{8E641312-FBD0-46D6-8011-C8F9D90A19F6}.Debug|x86.Build.0 = Debug|Any CPU
		{8E641312-FBD0-46D6-8011-C8F9D90A19F6}.Release|Any CPU.ActiveCfg = Release|Any CPU
		{8E641312-FBD0-46D6-8011-C8F9D90A19F6}.Release|Any CPU.Build.0 = Release|Any CPU
		{8E641312-FBD0-46D6-8011-C8F9D90A19F6}.Release|x64.ActiveCfg = Release|Any CPU
		{8E641312-FBD0-46D6-8011-C8F9D90A19F6}.Release|x64.Build.0 = Release|Any CPU
		{8E641312-FBD0-46D6-8011-C8F9D90A19F6}.Release|x86.ActiveCfg = Release|Any CPU
		{8E641312-FBD0-46D6-8011-C8F9D90A19F6}.Release|x86.Build.0 = Release|Any CPU
	EndGlobalSection
EndGlobal
