
Microsoft Visual Studio Solution File, Format Version 12.00
# Visual Studio 2012
VisualStudioVersion = 14.0.23107.0
MinimumVisualStudioVersion = 10.0.40219.1
Project("{2150E333-8FDC-42A3-9474-1A3956D46DE8}") = ".paket", ".paket", "{A369A633-05F9-429F-BCDA-CFAA85A49BB8}"
	ProjectSection(SolutionItems) = preProject
		paket.dependencies = paket.dependencies
	EndProjectSection
EndProject
Project("{f2a71f9b-5d33-465a-a702-920d77279786}") = "CustomerService", "CustomerService\CustomerService.fsproj", "{8303247C-D485-420A-AEE5-D4C7373D9A9E}"
EndProject
Project("{f2a71f9b-5d33-465a-a702-920d77279786}") = "Tests", "Tests\Tests.fsproj", "{6533E66C-DD2B-4D79-B6C7-B7D50178EDAF}"
EndProject
Project("{FAE04EC0-301F-11D3-BF4B-00C04F79EFBC}") = "BillingService", "BillingService\BillingService.csproj", "{73B17907-F931-458F-9A3D-028C1A081EB6}"
EndProject
Project("{FAE04EC0-301F-11D3-BF4B-00C04F79EFBC}") = "BillingService.Tests", "BillingService.Tests\BillingService.Tests.csproj", "{A207DD71-F576-47CD-92CC-EFF18276A47B}"
EndProject
Global
	GlobalSection(SolutionConfigurationPlatforms) = preSolution
		Debug|Any CPU = Debug|Any CPU
		Release|Any CPU = Release|Any CPU
	EndGlobalSection
	GlobalSection(ProjectConfigurationPlatforms) = postSolution
		{6533E66C-DD2B-4D79-B6C7-B7D50178EDAF}.Debug|Any CPU.ActiveCfg = Debug|Any CPU
		{6533E66C-DD2B-4D79-B6C7-B7D50178EDAF}.Debug|Any CPU.Build.0 = Debug|Any CPU
		{6533E66C-DD2B-4D79-B6C7-B7D50178EDAF}.Release|Any CPU.ActiveCfg = Release|Any CPU
		{6533E66C-DD2B-4D79-B6C7-B7D50178EDAF}.Release|Any CPU.Build.0 = Release|Any CPU
		{73B17907-F931-458F-9A3D-028C1A081EB6}.Debug|Any CPU.ActiveCfg = Debug|Any CPU
		{73B17907-F931-458F-9A3D-028C1A081EB6}.Debug|Any CPU.Build.0 = Debug|Any CPU
		{73B17907-F931-458F-9A3D-028C1A081EB6}.Release|Any CPU.ActiveCfg = Release|Any CPU
		{73B17907-F931-458F-9A3D-028C1A081EB6}.Release|Any CPU.Build.0 = Release|Any CPU
		{8303247C-D485-420A-AEE5-D4C7373D9A9E}.Debug|Any CPU.ActiveCfg = Debug|Any CPU
		{8303247C-D485-420A-AEE5-D4C7373D9A9E}.Debug|Any CPU.Build.0 = Debug|Any CPU
		{8303247C-D485-420A-AEE5-D4C7373D9A9E}.Release|Any CPU.ActiveCfg = Release|Any CPU
		{8303247C-D485-420A-AEE5-D4C7373D9A9E}.Release|Any CPU.Build.0 = Release|Any CPU
		{A207DD71-F576-47CD-92CC-EFF18276A47B}.Debug|Any CPU.ActiveCfg = Debug|Any CPU
		{A207DD71-F576-47CD-92CC-EFF18276A47B}.Debug|Any CPU.Build.0 = Debug|Any CPU
		{A207DD71-F576-47CD-92CC-EFF18276A47B}.Release|Any CPU.ActiveCfg = Release|Any CPU
		{A207DD71-F576-47CD-92CC-EFF18276A47B}.Release|Any CPU.Build.0 = Release|Any CPU
	EndGlobalSection
	GlobalSection(NestedProjects) = preSolution
	EndGlobalSection
	GlobalSection(SolutionProperties) = preSolution
		HideSolutionNode = FALSE
	EndGlobalSection
EndGlobal
