
Microsoft Visual Studio Solution File, Format Version 12.00
# Visual Studio 15
VisualStudioVersion = 15.0.28307.645
MinimumVisualStudioVersion = 10.0.40219.1
Project("{FAE04EC0-301F-11D3-BF4B-00C04F79EFBC}") = "CustomerService", "CustomerService\CustomerService.csproj", "{C9EAFC9E-BB19-4BBF-BE84-4ED3FA1D9384}"
EndProject
Project("{FAE04EC0-301F-11D3-BF4B-00C04F79EFBC}") = "Invoke", "Invoke\Invoke.csproj", "{8720D910-7952-4840-924A-42E96B74A636}"
	ProjectSection(ProjectDependencies) = postProject
		{C9EAFC9E-BB19-4BBF-BE84-4ED3FA1D9384} = {C9EAFC9E-BB19-4BBF-BE84-4ED3FA1D9384}
	EndProjectSection
EndProject
Global
	GlobalSection(SolutionConfigurationPlatforms) = preSolution
		Debug|Any CPU = Debug|Any CPU
		Release|Any CPU = Release|Any CPU
	EndGlobalSection
	GlobalSection(ProjectConfigurationPlatforms) = postSolution
		{C9EAFC9E-BB19-4BBF-BE84-4ED3FA1D9384}.Debug|Any CPU.ActiveCfg = Debug|Any CPU
		{C9EAFC9E-BB19-4BBF-BE84-4ED3FA1D9384}.Debug|Any CPU.Build.0 = Debug|Any CPU
		{C9EAFC9E-BB19-4BBF-BE84-4ED3FA1D9384}.Release|Any CPU.ActiveCfg = Release|Any CPU
		{C9EAFC9E-BB19-4BBF-BE84-4ED3FA1D9384}.Release|Any CPU.Build.0 = Release|Any CPU
		{8720D910-7952-4840-924A-42E96B74A636}.Debug|Any CPU.ActiveCfg = Debug|Any CPU
		{8720D910-7952-4840-924A-42E96B74A636}.Debug|Any CPU.Build.0 = Debug|Any CPU
		{8720D910-7952-4840-924A-42E96B74A636}.Release|Any CPU.ActiveCfg = Release|Any CPU
		{8720D910-7952-4840-924A-42E96B74A636}.Release|Any CPU.Build.0 = Release|Any CPU
	EndGlobalSection
	GlobalSection(SolutionProperties) = preSolution
		HideSolutionNode = FALSE
	EndGlobalSection
	GlobalSection(ExtensibilityGlobals) = postSolution
		SolutionGuid = {0A82406F-BA58-40E2-A42F-DBC6B1273321}
	EndGlobalSection
EndGlobal
